// !$*UTF8*$!
{
	archiveVersion = 1;
	classes = {
	};
	objectVersion = 46;
	objects = {

/* Begin PBXBuildFile section */
		3C3058181B52F1470045AF5A /* FactBook.m in Sources */ = {isa = PBXBuildFile; fileRef = 3C3058171B52F1470045AF5A /* FactBook.m */; };
		3C8413C31B5437B300A7D703 /* ColorWheel.m in Sources */ = {isa = PBXBuildFile; fileRef = 3C8413C21B5437B300A7D703 /* ColorWheel.m */; };
		3CDC64701AA40E7800410535 /* main.m in Sources */ = {isa = PBXBuildFile; fileRef = 3CDC646F1AA40E7800410535 /* main.m */; };
		3CDC64731AA40E7800410535 /* AppDelegate.m in Sources */ = {isa = PBXBuildFile; fileRef = 3CDC64721AA40E7800410535 /* AppDelegate.m */; };
		3CDC64761AA40E7800410535 /* ViewController.m in Sources */ = {isa = PBXBuildFile; fileRef = 3CDC64751AA40E7800410535 /* ViewController.m */; };
		3CDC64791AA40E7800410535 /* Main.storyboard in Resources */ = {isa = PBXBuildFile; fileRef = 3CDC64771AA40E7800410535 /* Main.storyboard */; };
		3CDC647B1AA40E7800410535 /* Images.xcassets in Resources */ = {isa = PBXBuildFile; fileRef = 3CDC647A1AA40E7800410535 /* Images.xcassets */; };
		3CDC647E1AA40E7800410535 /* LaunchScreen.xib in Resources */ = {isa = PBXBuildFile; fileRef = 3CDC647C1AA40E7800410535 /* LaunchScreen.xib */; };
		3CDC648A1AA40E7800410535 /* FunFactTests.m in Sources */ = {isa = PBXBuildFile; fileRef = 3CDC64891AA40E7800410535 /* FunFactTests.m */; };
/* End PBXBuildFile section */

/* Begin PBXContainerItemProxy section */
		3CDC64841AA40E7800410535 /* PBXContainerItemProxy */ = {
			isa = PBXContainerItemProxy;
			containerPortal = 3CDC64621AA40E7800410535 /* Project object */;
			proxyType = 1;
			remoteGlobalIDString = 3CDC64691AA40E7800410535;
			remoteInfo = FunFact;
		};
/* End PBXContainerItemProxy section */

/* Begin PBXFileReference section */
		3C3058161B52F1470045AF5A /* FactBook.h */ = {isa = PBXFileReference; fileEncoding = 4; lastKnownFileType = sourcecode.c.h; path = FactBook.h; sourceTree = "<group>"; };
		3C3058171B52F1470045AF5A /* FactBook.m */ = {isa = PBXFileReference; fileEncoding = 4; lastKnownFileType = sourcecode.c.objc; path = FactBook.m; sourceTree = "<group>"; };
		3C8413C11B5437B300A7D703 /* ColorWheel.h */ = {isa = PBXFileReference; fileEncoding = 4; lastKnownFileType = sourcecode.c.h; path = ColorWheel.h; sourceTree = "<group>"; };
		3C8413C21B5437B300A7D703 /* ColorWheel.m */ = {isa = PBXFileReference; fileEncoding = 4; lastKnownFileType = sourcecode.c.objc; path = ColorWheel.m; sourceTree = "<group>"; };
		3CDC646A1AA40E7800410535 /* FunFact.app */ = {isa = PBXFileReference; explicitFileType = wrapper.application; includeInIndex = 0; path = FunFact.app; sourceTree = BUILT_PRODUCTS_DIR; };
		3CDC646E1AA40E7800410535 /* Info.plist */ = {isa = PBXFileReference; lastKnownFileType = text.plist.xml; path = Info.plist; sourceTree = "<group>"; };
		3CDC646F1AA40E7800410535 /* main.m */ = {isa = PBXFileReference; lastKnownFileType = sourcecode.c.objc; path = main.m; sourceTree = "<group>"; };
		3CDC64711AA40E7800410535 /* AppDelegate.h */ = {isa = PBXFileReference; lastKnownFileType = sourcecode.c.h; path = AppDelegate.h; sourceTree = "<group>"; };
		3CDC64721AA40E7800410535 /* AppDelegate.m */ = {isa = PBXFileReference; lastKnownFileType = sourcecode.c.objc; path = AppDelegate.m; sourceTree = "<group>"; };
		3CDC64741AA40E7800410535 /* ViewController.h */ = {isa = PBXFileReference; lastKnownFileType = sourcecode.c.h; path = ViewController.h; sourceTree = "<group>"; };
		3CDC64751AA40E7800410535 /* ViewController.m */ = {isa = PBXFileReference; lastKnownFileType = sourcecode.c.objc; path = ViewController.m; sourceTree = "<group>"; };
		3CDC64781AA40E7800410535 /* Base */ = {isa = PBXFileReference; lastKnownFileType = file.storyboard; name = Base; path = Base.lproj/Main.storyboard; sourceTree = "<group>"; };
		3CDC647A1AA40E7800410535 /* Images.xcassets */ = {isa = PBXFileReference; lastKnownFileType = folder.assetcatalog; path = Images.xcassets; sourceTree = "<group>"; };
		3CDC647D1AA40E7800410535 /* Base */ = {isa = PBXFileReference; lastKnownFileType = file.xib; name = Base; path = Base.lproj/LaunchScreen.xib; sourceTree = "<group>"; };
		3CDC64831AA40E7800410535 /* FunFactTests.xctest */ = {isa = PBXFileReference; explicitFileType = wrapper.cfbundle; includeInIndex = 0; path = FunFactTests.xctest; sourceTree = BUILT_PRODUCTS_DIR; };
		3CDC64881AA40E7800410535 /* Info.plist */ = {isa = PBXFileReference; lastKnownFileType = text.plist.xml; path = Info.plist; sourceTree = "<group>"; };
		3CDC64891AA40E7800410535 /* FunFactTests.m */ = {isa = PBXFileReference; lastKnownFileType = sourcecode.c.objc; path = FunFactTests.m; sourceTree = "<group>"; };
/* End PBXFileReference section */

/* Begin PBXFrameworksBuildPhase section */
		3CDC64671AA40E7800410535 /* Frameworks */ = {
			isa = PBXFrameworksBuildPhase;
			buildActionMask = 2147483647;
			files = (
			);
			runOnlyForDeploymentPostprocessing = 0;
		};
		3CDC64801AA40E7800410535 /* Frameworks */ = {
			isa = PBXFrameworksBuildPhase;
			buildActionMask = 2147483647;
			files = (
			);
			runOnlyForDeploymentPostprocessing = 0;
		};
/* End PBXFrameworksBuildPhase section */

/* Begin PBXGroup section */
		3CDC64611AA40E7800410535 = {
			isa = PBXGroup;
			children = (
				3CDC646C1AA40E7800410535 /* FunFact */,
				3CDC64861AA40E7800410535 /* FunFactTests */,
				3CDC646B1AA40E7800410535 /* Products */,
			);
			sourceTree = "<group>";
		};
		3CDC646B1AA40E7800410535 /* Products */ = {
			isa = PBXGroup;
			children = (
				3CDC646A1AA40E7800410535 /* FunFact.app */,
				3CDC64831AA40E7800410535 /* FunFactTests.xctest */,
			);
			name = Products;
			sourceTree = "<group>";
		};
		3CDC646C1AA40E7800410535 /* FunFact */ = {
			isa = PBXGroup;
			children = (
				3CDC64711AA40E7800410535 /* AppDelegate.h */,
				3CDC64721AA40E7800410535 /* AppDelegate.m */,
				3CDC64741AA40E7800410535 /* ViewController.h */,
				3CDC64751AA40E7800410535 /* ViewController.m */,
				3C3058161B52F1470045AF5A /* FactBook.h */,
				3C3058171B52F1470045AF5A /* FactBook.m */,
				3C8413C11B5437B300A7D703 /* ColorWheel.h */,
				3C8413C21B5437B300A7D703 /* ColorWheel.m */,
				3CDC64771AA40E7800410535 /* Main.storyboard */,
				3CDC647A1AA40E7800410535 /* Images.xcassets */,
				3CDC647C1AA40E7800410535 /* LaunchScreen.xib */,
				3CDC646D1AA40E7800410535 /* Supporting Files */,
			);
			path = FunFact;
			sourceTree = "<group>";
		};
		3CDC646D1AA40E7800410535 /* Supporting Files */ = {
			isa = PBXGroup;
			children = (
				3CDC646E1AA40E7800410535 /* Info.plist */,
				3CDC646F1AA40E7800410535 /* main.m */,
			);
			name = "Supporting Files";
			sourceTree = "<group>";
		};
		3CDC64861AA40E7800410535 /* FunFactTests */ = {
			isa = PBXGroup;
			children = (
				3CDC64891AA40E7800410535 /* FunFactTests.m */,
				3CDC64871AA40E7800410535 /* Supporting Files */,
			);
			path = FunFactTests;
			sourceTree = "<group>";
		};
		3CDC64871AA40E7800410535 /* Supporting Files */ = {
			isa = PBXGroup;
			children = (
				3CDC64881AA40E7800410535 /* Info.plist */,
			);
			name = "Supporting Files";
			sourceTree = "<group>";
		};
/* End PBXGroup section */

/* Begin PBXNativeTarget section */
		3CDC64691AA40E7800410535 /* FunFact */ = {
			isa = PBXNativeTarget;
			buildConfigurationList = 3CDC648D1AA40E7800410535 /* Build configuration list for PBXNativeTarget "FunFact" */;
			buildPhases = (
				3CDC64661AA40E7800410535 /* Sources */,
				3CDC64671AA40E7800410535 /* Frameworks */,
				3CDC64681AA40E7800410535 /* Resources */,
			);
			buildRules = (
			);
			dependencies = (
			);
			name = FunFact;
			productName = FunFact;
			productReference = 3CDC646A1AA40E7800410535 /* FunFact.app */;
			productType = "com.apple.product-type.application";
		};
		3CDC64821AA40E7800410535 /* FunFactTests */ = {
			isa = PBXNativeTarget;
			buildConfigurationList = 3CDC64901AA40E7800410535 /* Build configuration list for PBXNativeTarget "FunFactTests" */;
			buildPhases = (
				3CDC647F1AA40E7800410535 /* Sources */,
				3CDC64801AA40E7800410535 /* Frameworks */,
				3CDC64811AA40E7800410535 /* Resources */,
			);
			buildRules = (
			);
			dependencies = (
				3CDC64851AA40E7800410535 /* PBXTargetDependency */,
			);
			name = FunFactTests;
			productName = FunFactTests;
			productReference = 3CDC64831AA40E7800410535 /* FunFactTests.xctest */;
			productType = "com.apple.product-type.bundle.unit-test";
		};
/* End PBXNativeTarget section */

/* Begin PBXProject section */
		3CDC64621AA40E7800410535 /* Project object */ = {
			isa = PBXProject;
			attributes = {
				LastUpgradeCheck = 0610;
				ORGANIZATIONNAME = TeamTreehouse;
				TargetAttributes = {
					3CDC64691AA40E7800410535 = {
						CreatedOnToolsVersion = 6.1.1;
					};
					3CDC64821AA40E7800410535 = {
						CreatedOnToolsVersion = 6.1.1;
						TestTargetID = 3CDC64691AA40E7800410535;
					};
				};
			};
			buildConfigurationList = 3CDC64651AA40E7800410535 /* Build configuration list for PBXProject "FunFact" */;
			compatibilityVersion = "Xcode 3.2";
			developmentRegion = English;
			hasScannedForEncodings = 0;
			knownRegions = (
				en,
				Base,
			);
			mainGroup = 3CDC64611AA40E7800410535;
			productRefGroup = 3CDC646B1AA40E7800410535 /* Products */;
			projectDirPath = "";
			projectRoot = "";
			targets = (
				3CDC64691AA40E7800410535 /* FunFact */,
				3CDC64821AA40E7800410535 /* FunFactTests */,
			);
		};
/* End PBXProject section */

/* Begin PBXResourcesBuildPhase section */
		3CDC64681AA40E7800410535 /* Resources */ = {
			isa = PBXResourcesBuildPhase;
			buildActionMask = 2147483647;
			files = (
				3CDC64791AA40E7800410535 /* Main.storyboard in Resources */,
				3CDC647E1AA40E7800410535 /* LaunchScreen.xib in Resources */,
				3CDC647B1AA40E7800410535 /* Images.xcassets in Resources */,
			);
			runOnlyForDeploymentPostprocessing = 0;
		};
		3CDC64811AA40E7800410535 /* Resources */ = {
			isa = PBXResourcesBuildPhase;
			buildActionMask = 2147483647;
			files = (
			);
			runOnlyForDeploymentPostprocessing = 0;
		};
/* End PBXResourcesBuildPhase section */

/* Begin PBXSourcesBuildPhase section */
		3CDC64661AA40E7800410535 /* Sources */ = {
			isa = PBXSourcesBuildPhase;
			buildActionMask = 2147483647;
			files = (
				3CDC64761AA40E7800410535 /* ViewController.m in Sources */,
				3CDC64731AA40E7800410535 /* AppDelegate.m in Sources */,
				3C3058181B52F1470045AF5A /* FactBook.m in Sources */,
				3CDC64701AA40E7800410535 /* main.m in Sources */,
				3C8413C31B5437B300A7D703 /* ColorWheel.m in Sources */,
			);
			runOnlyForDeploymentPostprocessing = 0;
		};
		3CDC647F1AA40E7800410535 /* Sources */ = {
			isa = PBXSourcesBuildPhase;
			buildActionMask = 2147483647;
			files = (
				3CDC648A1AA40E7800410535 /* FunFactTests.m in Sources */,
			);
			runOnlyForDeploymentPostprocessing = 0;
		};
/* End PBXSourcesBuildPhase section */

/* Begin PBXTargetDependency section */
		3CDC64851AA40E7800410535 /* PBXTargetDependency */ = {
			isa = PBXTargetDependency;
			target = 3CDC64691AA40E7800410535 /* FunFact */;
			targetProxy = 3CDC64841AA40E7800410535 /* PBXContainerItemProxy */;
		};
/* End PBXTargetDependency section */

/* Begin PBXVariantGroup section */
		3CDC64771AA40E7800410535 /* Main.storyboard */ = {
			isa = PBXVariantGroup;
			children = (
				3CDC64781AA40E7800410535 /* Base */,
			);
			name = Main.storyboard;
			sourceTree = "<group>";
		};
		3CDC647C1AA40E7800410535 /* LaunchScreen.xib */ = {
			isa = PBXVariantGroup;
			children = (
				3CDC647D1AA40E7800410535 /* Base */,
			);
			name = LaunchScreen.xib;
			sourceTree = "<group>";
		};
/* End PBXVariantGroup section */

/* Begin XCBuildConfiguration section */
		3CDC648B1AA40E7800410535 /* Debug */ = {
			isa = XCBuildConfiguration;
			buildSettings = {
				ALWAYS_SEARCH_USER_PATHS = NO;
				CLANG_CXX_LANGUAGE_STANDARD = "gnu++0x";
				CLANG_CXX_LIBRARY = "libc++";
				CLANG_ENABLE_MODULES = YES;
				CLANG_ENABLE_OBJC_ARC = YES;
				CLANG_WARN_BOOL_CONVERSION = YES;
				CLANG_WARN_CONSTANT_CONVERSION = YES;
				CLANG_WARN_DIRECT_OBJC_ISA_USAGE = YES_ERROR;
				CLANG_WARN_EMPTY_BODY = YES;
				CLANG_WARN_ENUM_CONVERSION = YES;
				CLANG_WARN_INT_CONVERSION = YES;
				CLANG_WARN_OBJC_ROOT_CLASS = YES_ERROR;
				CLANG_WARN_UNREACHABLE_CODE = YES;
				CLANG_WARN__DUPLICATE_METHOD_MATCH = YES;
				"CODE_SIGN_IDENTITY[sdk=iphoneos*]" = "iPhone Developer";
				COPY_PHASE_STRIP = NO;
				ENABLE_STRICT_OBJC_MSGSEND = YES;
				GCC_C_LANGUAGE_STANDARD = gnu99;
				GCC_DYNAMIC_NO_PIC = NO;
				GCC_OPTIMIZATION_LEVEL = 0;
				GCC_PREPROCESSOR_DEFINITIONS = (
					"DEBUG=1",
					"$(inherited)",
				);
				GCC_SYMBOLS_PRIVATE_EXTERN = NO;
				GCC_WARN_64_TO_32_BIT_CONVERSION = YES;
				GCC_WARN_ABOUT_RETURN_TYPE = YES_ERROR;
				GCC_WARN_UNDECLARED_SELECTOR = YES;
				GCC_WARN_UNINITIALIZED_AUTOS = YES_AGGRESSIVE;
				GCC_WARN_UNUSED_FUNCTION = YES;
				GCC_WARN_UNUSED_VARIABLE = YES;
				IPHONEOS_DEPLOYMENT_TARGET = 8.1;
				MTL_ENABLE_DEBUG_INFO = YES;
				ONLY_ACTIVE_ARCH = YES;
				SDKROOT = iphoneos;
			};
			name = Debug;
		};
		3CDC648C1AA40E7800410535 /* Release */ = {
			isa = XCBuildConfiguration;
			buildSettings = {
				ALWAYS_SEARCH_USER_PATHS = NO;
				CLANG_CXX_LANGUAGE_STANDARD = "gnu++0x";
				CLANG_CXX_LIBRARY = "libc++";
				CLANG_ENABLE_MODULES = YES;
				CLANG_ENABLE_OBJC_ARC = YES;
				CLANG_WARN_BOOL_CONVERSION = YES;
				CLANG_WARN_CONSTANT_CONVERSION = YES;
				CLANG_WARN_DIRECT_OBJC_ISA_USAGE = YES_ERROR;
				CLANG_WARN_EMPTY_BODY = YES;
				CLANG_WARN_ENUM_CONVERSION = YES;
				CLANG_WARN_INT_CONVERSION = YES;
				CLANG_WARN_OBJC_ROOT_CLASS = YES_ERROR;
				CLANG_WARN_UNREACHABLE_CODE = YES;
				CLANG_WARN__DUPLICATE_METHOD_MATCH = YES;
				"CODE_SIGN_IDENTITY[sdk=iphoneos*]" = "iPhone Developer";
				COPY_PHASE_STRIP = YES;
				ENABLE_NS_ASSERTIONS = NO;
				ENABLE_STRICT_OBJC_MSGSEND = YES;
				GCC_C_LANGUAGE_STANDARD = gnu99;
				GCC_WARN_64_TO_32_BIT_CONVERSION = YES;
				GCC_WARN_ABOUT_RETURN_TYPE = YES_ERROR;
				GCC_WARN_UNDECLARED_SELECTOR = YES;
				GCC_WARN_UNINITIALIZED_AUTOS = YES_AGGRESSIVE;
				GCC_WARN_UNUSED_FUNCTION = YES;
				GCC_WARN_UNUSED_VARIABLE = YES;
				IPHONEOS_DEPLOYMENT_TARGET = 8.1;
				MTL_ENABLE_DEBUG_INFO = NO;
				SDKROOT = iphoneos;
				VALIDATE_PRODUCT = YES;
			};
			name = Release;
		};
		3CDC648E1AA40E7800410535 /* Debug */ = {
			isa = XCBuildConfiguration;
			buildSettings = {
				ASSETCATALOG_COMPILER_APPICON_NAME = AppIcon;
				"CODE_SIGN_IDENTITY[sdk=iphoneos*]" = "";
				INFOPLIST_FILE = FunFact/Info.plist;
				IPHONEOS_DEPLOYMENT_TARGET = 8.4;
				LD_RUNPATH_SEARCH_PATHS = "$(inherited) @executable_path/Frameworks";
				PRODUCT_NAME = "$(TARGET_NAME)";
			};
			name = Debug;
		};
		3CDC648F1AA40E7800410535 /* Release */ = {
			isa = XCBuildConfiguration;
			buildSettings = {
				ASSETCATALOG_COMPILER_APPICON_NAME = AppIcon;
				"CODE_SIGN_IDENTITY[sdk=iphoneos*]" = "";
				INFOPLIST_FILE = FunFact/Info.plist;
				IPHONEOS_DEPLOYMENT_TARGET = 8.4;
				LD_RUNPATH_SEARCH_PATHS = "$(inherited) @executable_path/Frameworks";
				PRODUCT_NAME = "$(TARGET_NAME)";
			};
			name = Release;
		};
		3CDC64911AA40E7800410535 /* Debug */ = {
			isa = XCBuildConfiguration;
			buildSettings = {
				BUNDLE_LOADER = "$(TEST_HOST)";
				FRAMEWORK_SEARCH_PATHS = (
					"$(SDKROOT)/Developer/Library/Frameworks",
					"$(inherited)",
				);
				GCC_PREPROCESSOR_DEFINITIONS = (
					"DEBUG=1",
					"$(inherited)",
				);
				INFOPLIST_FILE = FunFactTests/Info.plist;
				LD_RUNPATH_SEARCH_PATHS = "$(inherited) @executable_path/Frameworks @loader_path/Frameworks";
				PRODUCT_NAME = "$(TARGET_NAME)";
				TEST_HOST = "$(BUILT_PRODUCTS_DIR)/FunFact.app/FunFact";
			};
			name = Debug;
		};
		3CDC64921AA40E7800410535 /* Release */ = {
			isa = XCBuildConfiguration;
			buildSettings = {
				BUNDLE_LOADER = "$(TEST_HOST)";
				FRAMEWORK_SEARCH_PATHS = (
					"$(SDKROOT)/Developer/Library/Frameworks",
					"$(inherited)",
				);
				INFOPLIST_FILE = FunFactTests/Info.plist;
				LD_RUNPATH_SEARCH_PATHS = "$(inherited) @executable_path/Frameworks @loader_path/Frameworks";
				PRODUCT_NAME = "$(TARGET_NAME)";
				TEST_HOST = "$(BUILT_PRODUCTS_DIR)/FunFact.app/FunFact";
			};
			name = Release;
		};
/* End XCBuildConfiguration section */

/* Begin XCConfigurationList section */
		3CDC64651AA40E7800410535 /* Build configuration list for PBXProject "FunFact" */ = {
			isa = XCConfigurationList;
			buildConfigurations = (
				3CDC648B1AA40E7800410535 /* Debug */,
				3CDC648C1AA40E7800410535 /* Release */,
			);
			defaultConfigurationIsVisible = 0;
			defaultConfigurationName = Release;
		};
		3CDC648D1AA40E7800410535 /* Build configuration list for PBXNativeTarget "FunFact" */ = {
			isa = XCConfigurationList;
			buildConfigurations = (
				3CDC648E1AA40E7800410535 /* Debug */,
				3CDC648F1AA40E7800410535 /* Release */,
			);
			defaultConfigurationIsVisible = 0;
			defaultConfigurationName = Release;
		};
		3CDC64901AA40E7800410535 /* Build configuration list for PBXNativeTarget "FunFactTests" */ = {
			isa = XCConfigurationList;
			buildConfigurations = (
				3CDC64911AA40E7800410535 /* Debug */,
				3CDC64921AA40E7800410535 /* Release */,
			);
			defaultConfigurationIsVisible = 0;
			defaultConfigurationName = Release;
		};
/* End XCConfigurationList section */
	};
	rootObject = 3CDC64621AA40E7800410535 /* Project object */;
}
